
Microsoft Visual Studio Solution File, Format Version 12.00
# Visual Studio Version 16
VisualStudioVersion = 16.0.30114.105
MinimumVisualStudioVersion = 10.0.40219.1
Project("{2150E333-8FDC-42A3-9474-1A3956D46DE8}") = "nuget", "nuget", "{E7166FB0-DDAE-4CD7-B7AB-0760E4734EDD}"
EndProject
Project("{2150E333-8FDC-42A3-9474-1A3956D46DE8}") = "shared_protos", "shared_protos", "{2AED3437-AE45-4E87-851B-2034CF735434}"
EndProject
Project("{2150E333-8FDC-42A3-9474-1A3956D46DE8}") = "Enums", "Enums", "{60493214-191D-4EBB-831A-AD054204E8D2}"
ProjectSection(SolutionItems) = preProject
	nuget\shared_protos\Greeter\Enums\Status.proto = nuget\shared_protos\Greeter\Enums\Status.proto
EndProjectSection
EndProject
Project("{2150E333-8FDC-42A3-9474-1A3956D46DE8}") = "Messages", "Messages", "{0591C0FA-0E71-49DA-B0D1-16935459A48C}"
ProjectSection(SolutionItems) = preProject
	nuget\shared_protos\Greeter\Messages\HelloReply.proto = nuget\shared_protos\Greeter\Messages\HelloReply.proto
	nuget\shared_protos\Greeter\Messages\HelloRequest.proto = nuget\shared_protos\Greeter\Messages\HelloRequest.proto
EndProjectSection
EndProject
Project("{2150E333-8FDC-42A3-9474-1A3956D46DE8}") = "Services", "Services", "{6DE0EFC0-239F-4081-930A-DD3A402585DB}"
ProjectSection(SolutionItems) = preProject
	nuget\shared_protos\Greeter\Services\GreeterService.proto = nuget\shared_protos\Greeter\Services\GreeterService.proto
EndProjectSection
EndProject
Project("{2150E333-8FDC-42A3-9474-1A3956D46DE8}") = "Greeter", "Greeter", "{50A0EFE6-158A-45B2-BB32-36A38CCB5777}"
EndProject
Project("{FAE04EC0-301F-11D3-BF4B-00C04F79EFBC}") = "Krondev.Greeter", "nuget\Krondev.Greeter\Krondev.Greeter.csproj", "{020F1DB8-3CA9-4585-B259-A3C0CC5E7380}"
EndProject
Project("{2150E333-8FDC-42A3-9474-1A3956D46DE8}") = "Solution Items", "Solution Items", "{82104B32-65E8-4CA9-9F21-97F6C493EE8A}"
ProjectSection(SolutionItems) = preProject
	..\README.md = ..\README.md
	..\.gitignore = ..\.gitignore
EndProjectSection
EndProject
Project("{2150E333-8FDC-42A3-9474-1A3956D46DE8}") = "samples", "samples", "{0ED28DFC-AEA8-4812-AB2C-5B54224FD177}"
EndProject
Project("{FAE04EC0-301F-11D3-BF4B-00C04F79EFBC}") = "server", "sample\server\server.csproj", "{795988FB-FF63-4884-A55C-5434B601A13E}"
EndProject
Project("{FAE04EC0-301F-11D3-BF4B-00C04F79EFBC}") = "client", "sample\client\client.csproj", "{663C4692-9BCD-439B-979B-772B67E98B05}"
EndProject
Global
	GlobalSection(SolutionConfigurationPlatforms) = preSolution
		Debug|Any CPU = Debug|Any CPU
		Debug|x64 = Debug|x64
		Debug|x86 = Debug|x86
		Release|Any CPU = Release|Any CPU
		Release|x64 = Release|x64
		Release|x86 = Release|x86
	EndGlobalSection
	GlobalSection(SolutionProperties) = preSolution
		HideSolutionNode = FALSE
	EndGlobalSection
	GlobalSection(NestedProjects) = preSolution
		{2AED3437-AE45-4E87-851B-2034CF735434} = {E7166FB0-DDAE-4CD7-B7AB-0760E4734EDD}
		{50A0EFE6-158A-45B2-BB32-36A38CCB5777} = {2AED3437-AE45-4E87-851B-2034CF735434}
		{60493214-191D-4EBB-831A-AD054204E8D2} = {50A0EFE6-158A-45B2-BB32-36A38CCB5777}
		{0591C0FA-0E71-49DA-B0D1-16935459A48C} = {50A0EFE6-158A-45B2-BB32-36A38CCB5777}
		{6DE0EFC0-239F-4081-930A-DD3A402585DB} = {50A0EFE6-158A-45B2-BB32-36A38CCB5777}
		{020F1DB8-3CA9-4585-B259-A3C0CC5E7380} = {E7166FB0-DDAE-4CD7-B7AB-0760E4734EDD}
		{795988FB-FF63-4884-A55C-5434B601A13E} = {0ED28DFC-AEA8-4812-AB2C-5B54224FD177}
		{663C4692-9BCD-439B-979B-772B67E98B05} = {0ED28DFC-AEA8-4812-AB2C-5B54224FD177}
	EndGlobalSection
	GlobalSection(ProjectConfigurationPlatforms) = postSolution
		{020F1DB8-3CA9-4585-B259-A3C0CC5E7380}.Debug|Any CPU.ActiveCfg = Debug|Any CPU
		{020F1DB8-3CA9-4585-B259-A3C0CC5E7380}.Debug|Any CPU.Build.0 = Debug|Any CPU
		{020F1DB8-3CA9-4585-B259-A3C0CC5E7380}.Debug|x64.ActiveCfg = Debug|Any CPU
		{020F1DB8-3CA9-4585-B259-A3C0CC5E7380}.Debug|x64.Build.0 = Debug|Any CPU
		{020F1DB8-3CA9-4585-B259-A3C0CC5E7380}.Debug|x86.ActiveCfg = Debug|Any CPU
		{020F1DB8-3CA9-4585-B259-A3C0CC5E7380}.Debug|x86.Build.0 = Debug|Any CPU
		{020F1DB8-3CA9-4585-B259-A3C0CC5E7380}.Release|Any CPU.ActiveCfg = Release|Any CPU
		{020F1DB8-3CA9-4585-B259-A3C0CC5E7380}.Release|Any CPU.Build.0 = Release|Any CPU
		{020F1DB8-3CA9-4585-B259-A3C0CC5E7380}.Release|x64.ActiveCfg = Release|Any CPU
		{020F1DB8-3CA9-4585-B259-A3C0CC5E7380}.Release|x64.Build.0 = Release|Any CPU
		{020F1DB8-3CA9-4585-B259-A3C0CC5E7380}.Release|x86.ActiveCfg = Release|Any CPU
		{020F1DB8-3CA9-4585-B259-A3C0CC5E7380}.Release|x86.Build.0 = Release|Any CPU
		{795988FB-FF63-4884-A55C-5434B601A13E}.Debug|Any CPU.ActiveCfg = Debug|Any CPU
		{795988FB-FF63-4884-A55C-5434B601A13E}.Debug|Any CPU.Build.0 = Debug|Any CPU
		{795988FB-FF63-4884-A55C-5434B601A13E}.Debug|x64.ActiveCfg = Debug|Any CPU
		{795988FB-FF63-4884-A55C-5434B601A13E}.Debug|x64.Build.0 = Debug|Any CPU
		{795988FB-FF63-4884-A55C-5434B601A13E}.Debug|x86.ActiveCfg = Debug|Any CPU
		{795988FB-FF63-4884-A55C-5434B601A13E}.Debug|x86.Build.0 = Debug|Any CPU
		{795988FB-FF63-4884-A55C-5434B601A13E}.Release|Any CPU.ActiveCfg = Release|Any CPU
		{795988FB-FF63-4884-A55C-5434B601A13E}.Release|Any CPU.Build.0 = Release|Any CPU
		{795988FB-FF63-4884-A55C-5434B601A13E}.Release|x64.ActiveCfg = Release|Any CPU
		{795988FB-FF63-4884-A55C-5434B601A13E}.Release|x64.Build.0 = Release|Any CPU
		{795988FB-FF63-4884-A55C-5434B601A13E}.Release|x86.ActiveCfg = Release|Any CPU
		{795988FB-FF63-4884-A55C-5434B601A13E}.Release|x86.Build.0 = Release|Any CPU
		{663C4692-9BCD-439B-979B-772B67E98B05}.Debug|Any CPU.ActiveCfg = Debug|Any CPU
		{663C4692-9BCD-439B-979B-772B67E98B05}.Debug|Any CPU.Build.0 = Debug|Any CPU
		{663C4692-9BCD-439B-979B-772B67E98B05}.Debug|x64.ActiveCfg = Debug|Any CPU
		{663C4692-9BCD-439B-979B-772B67E98B05}.Debug|x64.Build.0 = Debug|Any CPU
		{663C4692-9BCD-439B-979B-772B67E98B05}.Debug|x86.ActiveCfg = Debug|Any CPU
		{663C4692-9BCD-439B-979B-772B67E98B05}.Debug|x86.Build.0 = Debug|Any CPU
		{663C4692-9BCD-439B-979B-772B67E98B05}.Release|Any CPU.ActiveCfg = Release|Any CPU
		{663C4692-9BCD-439B-979B-772B67E98B05}.Release|Any CPU.Build.0 = Release|Any CPU
		{663C4692-9BCD-439B-979B-772B67E98B05}.Release|x64.ActiveCfg = Release|Any CPU
		{663C4692-9BCD-439B-979B-772B67E98B05}.Release|x64.Build.0 = Release|Any CPU
		{663C4692-9BCD-439B-979B-772B67E98B05}.Release|x86.ActiveCfg = Release|Any CPU
		{663C4692-9BCD-439B-979B-772B67E98B05}.Release|x86.Build.0 = Release|Any CPU
	EndGlobalSection
EndGlobal
